
Microsoft Visual Studio Solution File, Format Version 12.00
Project("{FAE04EC0-301F-11D3-BF4B-00C04F79EFBC}") = "LaborCoin", "LaborCoin\LaborCoin.csproj", "{3847ED9E-D7C8-43E3-B376-1F6CBB126AB1}"
EndProject
Project("{FAE04EC0-301F-11D3-BF4B-00C04F79EFBC}") = "LaborCoinTests", "LaborCoinTests\LaborCoinTests.csproj", "{70948D34-9AF4-4A56-A5BB-EAA03F8AD8AB}"
EndProject
Global
	GlobalSection(SolutionConfigurationPlatforms) = preSolution
		Debug|Any CPU = Debug|Any CPU
		Release|Any CPU = Release|Any CPU
	EndGlobalSection
	GlobalSection(ProjectConfigurationPlatforms) = postSolution
		{3847ED9E-D7C8-43E3-B376-1F6CBB126AB1}.Debug|Any CPU.ActiveCfg = Debug|Any CPU
		{3847ED9E-D7C8-43E3-B376-1F6CBB126AB1}.Debug|Any CPU.Build.0 = Debug|Any CPU
		{3847ED9E-D7C8-43E3-B376-1F6CBB126AB1}.Release|Any CPU.ActiveCfg = Release|Any CPU
		{3847ED9E-D7C8-43E3-B376-1F6CBB126AB1}.Release|Any CPU.Build.0 = Release|Any CPU
		{70948D34-9AF4-4A56-A5BB-EAA03F8AD8AB}.Debug|Any CPU.ActiveCfg = Debug|Any CPU
		{70948D34-9AF4-4A56-A5BB-EAA03F8AD8AB}.Debug|Any CPU.Build.0 = Debug|Any CPU
		{70948D34-9AF4-4A56-A5BB-EAA03F8AD8AB}.Release|Any CPU.ActiveCfg = Release|Any CPU
		{70948D34-9AF4-4A56-A5BB-EAA03F8AD8AB}.Release|Any CPU.Build.0 = Release|Any CPU
	EndGlobalSection
EndGlobal
